
Microsoft Visual Studio Solution File, Format Version 12.00
# Visual Studio Version 17
VisualStudioVersion = 17.2.32616.157
MinimumVisualStudioVersion = 10.0.40219.1
Project("{8BC9CEB8-8B4A-11D0-8D11-00A0C91BC942}") = "ex1p1", "ex1p1\ex1p1.vcxproj", "{B3F014B2-4010-4FE9-B2DA-C6C040AF2001}"
EndProject
Project("{8BC9CEB8-8B4A-11D0-8D11-00A0C91BC942}") = "ex1p2", "ex1p2\ex1p2.vcxproj", "{7DD247CB-F104-402E-B1FA-2B648D933F0D}"
EndProject
Project("{8BC9CEB8-8B4A-11D0-8D11-00A0C91BC942}") = "dsa", "dsa\dsa.vcxproj", "{1B42EDD4-90A3-434D-A9A1-188BC22E6983}"
EndProject
Project("{8BC9CEB8-8B4A-11D0-8D11-00A0C91BC942}") = "ex1p3", "ex1p3\ex1p3.vcxproj", "{17343C7C-9C7A-40FC-9483-088442FDF3C9}"
EndProject
Project("{8BC9CEB8-8B4A-11D0-8D11-00A0C91BC942}") = "ex1p5", "ex1p5\ex1p5.vcxproj", "{FF20F7EC-A52E-43A2-9530-8077374FF394}"
EndProject
Project("{8BC9CEB8-8B4A-11D0-8D11-00A0C91BC942}") = "ex1p6", "ex1p6\ex1p6.vcxproj", "{F4C2CE74-24C7-4B7F-A2B7-B479491C6E47}"
EndProject
Project("{8BC9CEB8-8B4A-11D0-8D11-00A0C91BC942}") = "ex1p7", "ex1p7\ex1p7.vcxproj", "{AD60F7A3-5BBF-47ED-ACE4-366BAA9CB78C}"
EndProject
Project("{8BC9CEB8-8B4A-11D0-8D11-00A0C91BC942}") = "ex2p2", "ex2p2\ex2p2.vcxproj", "{420B44F5-5FF9-4C2D-998A-4C4FB281B5DB}"
EndProject
Project("{8BC9CEB8-8B4A-11D0-8D11-00A0C91BC942}") = "ex2p3", "ex2p3\ex2p3.vcxproj", "{90FE0631-7313-471B-93D3-9BE59255FDBD}"
EndProject
Project("{8BC9CEB8-8B4A-11D0-8D11-00A0C91BC942}") = "ex2p4", "ex2p4\ex2p4.vcxproj", "{36E11DBF-6798-42A7-9818-35669A223381}"
EndProject
Project("{8BC9CEB8-8B4A-11D0-8D11-00A0C91BC942}") = "ex2p5", "ex2p5\ex2p5.vcxproj", "{515B4B2A-0E18-487D-9215-E250F4A14FE9}"
EndProject
Project("{8BC9CEB8-8B4A-11D0-8D11-00A0C91BC942}") = "ex2p6", "ex2p6\ex2p6.vcxproj", "{258B8C4E-BFBD-4A29-8085-84BDD6F98B76}"
EndProject
Project("{8BC9CEB8-8B4A-11D0-8D11-00A0C91BC942}") = "ex2p7", "ex2p7\ex2p7.vcxproj", "{8AD293C2-950D-48CA-B160-F2CC2C47BBFC}"
EndProject
Project("{8BC9CEB8-8B4A-11D0-8D11-00A0C91BC942}") = "ex3p2", "ex3p2\ex3p2.vcxproj", "{8F85B7CB-A703-4EE0-8D39-09B707CB3C20}"
EndProject
Project("{8BC9CEB8-8B4A-11D0-8D11-00A0C91BC942}") = "ex3p3", "ex3p3\ex3p3.vcxproj", "{47FEB42F-C1D2-4CC3-AF7F-C82E20C9C2C5}"
EndProject
Project("{8BC9CEB8-8B4A-11D0-8D11-00A0C91BC942}") = "ex3p4", "ex3p4\ex3p4.vcxproj", "{23097214-BFB5-4FBF-B35C-2D0B7717ED5F}"
EndProject
Project("{8BC9CEB8-8B4A-11D0-8D11-00A0C91BC942}") = "ex3p5", "ex3p5\ex3p5.vcxproj", "{7C97F4EF-B858-4823-BDEA-3CC5EB4D3EAC}"
EndProject
Project("{8BC9CEB8-8B4A-11D0-8D11-00A0C91BC942}") = "ex4p2", "ex4p2\ex4p2.vcxproj", "{443F4E4E-193C-4818-92D3-95FF8170ABAF}"
EndProject
Project("{8BC9CEB8-8B4A-11D0-8D11-00A0C91BC942}") = "ex4p4", "ex4p4\ex4p4.vcxproj", "{8273F9F9-4F45-4A80-811D-4B8415441A3B}"
EndProject
Project("{8BC9CEB8-8B4A-11D0-8D11-00A0C91BC942}") = "ex4p5", "ex4p5\ex4p5.vcxproj", "{E98354E9-6C69-450D-A66A-76A1D04666BA}"
EndProject
Project("{8BC9CEB8-8B4A-11D0-8D11-00A0C91BC942}") = "ex4p6", "ex4p6\ex4p6.vcxproj", "{A9D06927-D837-4588-B75D-C9AEF9914C8C}"
EndProject
Project("{8BC9CEB8-8B4A-11D0-8D11-00A0C91BC942}") = "ex7p2", "ex7p2\ex7p2.vcxproj", "{4F94ECC3-F0D4-4F65-9438-34F6A78BAC67}"
EndProject
Project("{8BC9CEB8-8B4A-11D0-8D11-00A0C91BC942}") = "ex7p3", "ex7p3\ex7p3.vcxproj", "{517E9E5F-501E-4A89-8887-242811C2B085}"
EndProject
Project("{8BC9CEB8-8B4A-11D0-8D11-00A0C91BC942}") = "ex7p4", "ex7p4\ex7p4.vcxproj", "{FA2C1905-ECF8-4AA0-AA0E-BFBE4EDA7DE0}"
EndProject
Project("{8BC9CEB8-8B4A-11D0-8D11-00A0C91BC942}") = "ex7p5", "ex7p5\ex7p5.vcxproj", "{4EB1F570-090F-4BC9-B8C0-6EF9685A1BF6}"
EndProject
Project("{8BC9CEB8-8B4A-11D0-8D11-00A0C91BC942}") = "ex8p1", "ex8p1\ex8p1.vcxproj", "{9A987DFD-07ED-4C1F-97A0-C01D20D5DF13}"
EndProject
Project("{8BC9CEB8-8B4A-11D0-8D11-00A0C91BC942}") = "ex8p2", "ex8p2\ex8p2.vcxproj", "{FAF5928B-F43B-4C79-9A13-973109299F31}"
EndProject
Project("{8BC9CEB8-8B4A-11D0-8D11-00A0C91BC942}") = "ex8p3", "ex8p3\ex8p3.vcxproj", "{F2E1955D-8977-4A31-88A2-EDE15E21B700}"
EndProject
Project("{8BC9CEB8-8B4A-11D0-8D11-00A0C91BC942}") = "ex8p4", "ex8p4\ex8p4.vcxproj", "{2C94891C-AE57-4B8B-BC2C-DD3169BE69DE}"
EndProject
Project("{FAE04EC0-301F-11D3-BF4B-00C04F79EFBC}") = "ex8p5", "ex8p5\ex8p5.csproj", "{10002AFC-D075-4986-8C19-4592242713FD}"
EndProject
Global
	GlobalSection(SolutionConfigurationPlatforms) = preSolution
		Debug|Any CPU = Debug|Any CPU
		Debug|x64 = Debug|x64
		Debug|x86 = Debug|x86
		Release|Any CPU = Release|Any CPU
		Release|x64 = Release|x64
		Release|x86 = Release|x86
	EndGlobalSection
	GlobalSection(ProjectConfigurationPlatforms) = postSolution
		{B3F014B2-4010-4FE9-B2DA-C6C040AF2001}.Debug|Any CPU.ActiveCfg = Debug|x64
		{B3F014B2-4010-4FE9-B2DA-C6C040AF2001}.Debug|Any CPU.Build.0 = Debug|x64
		{B3F014B2-4010-4FE9-B2DA-C6C040AF2001}.Debug|x64.ActiveCfg = Debug|x64
		{B3F014B2-4010-4FE9-B2DA-C6C040AF2001}.Debug|x64.Build.0 = Debug|x64
		{B3F014B2-4010-4FE9-B2DA-C6C040AF2001}.Debug|x86.ActiveCfg = Debug|Win32
		{B3F014B2-4010-4FE9-B2DA-C6C040AF2001}.Debug|x86.Build.0 = Debug|Win32
		{B3F014B2-4010-4FE9-B2DA-C6C040AF2001}.Release|Any CPU.ActiveCfg = Release|x64
		{B3F014B2-4010-4FE9-B2DA-C6C040AF2001}.Release|Any CPU.Build.0 = Release|x64
		{B3F014B2-4010-4FE9-B2DA-C6C040AF2001}.Release|x64.ActiveCfg = Release|x64
		{B3F014B2-4010-4FE9-B2DA-C6C040AF2001}.Release|x64.Build.0 = Release|x64
		{B3F014B2-4010-4FE9-B2DA-C6C040AF2001}.Release|x86.ActiveCfg = Release|Win32
		{B3F014B2-4010-4FE9-B2DA-C6C040AF2001}.Release|x86.Build.0 = Release|Win32
		{7DD247CB-F104-402E-B1FA-2B648D933F0D}.Debug|Any CPU.ActiveCfg = Debug|x64
		{7DD247CB-F104-402E-B1FA-2B648D933F0D}.Debug|Any CPU.Build.0 = Debug|x64
		{7DD247CB-F104-402E-B1FA-2B648D933F0D}.Debug|x64.ActiveCfg = Debug|x64
		{7DD247CB-F104-402E-B1FA-2B648D933F0D}.Debug|x64.Build.0 = Debug|x64
		{7DD247CB-F104-402E-B1FA-2B648D933F0D}.Debug|x86.ActiveCfg = Debug|Win32
		{7DD247CB-F104-402E-B1FA-2B648D933F0D}.Debug|x86.Build.0 = Debug|Win32
		{7DD247CB-F104-402E-B1FA-2B648D933F0D}.Release|Any CPU.ActiveCfg = Release|x64
		{7DD247CB-F104-402E-B1FA-2B648D933F0D}.Release|Any CPU.Build.0 = Release|x64
		{7DD247CB-F104-402E-B1FA-2B648D933F0D}.Release|x64.ActiveCfg = Release|x64
		{7DD247CB-F104-402E-B1FA-2B648D933F0D}.Release|x64.Build.0 = Release|x64
		{7DD247CB-F104-402E-B1FA-2B648D933F0D}.Release|x86.ActiveCfg = Release|Win32
		{7DD247CB-F104-402E-B1FA-2B648D933F0D}.Release|x86.Build.0 = Release|Win32
		{1B42EDD4-90A3-434D-A9A1-188BC22E6983}.Debug|Any CPU.ActiveCfg = Debug|x64
		{1B42EDD4-90A3-434D-A9A1-188BC22E6983}.Debug|Any CPU.Build.0 = Debug|x64
		{1B42EDD4-90A3-434D-A9A1-188BC22E6983}.Debug|x64.ActiveCfg = Debug|x64
		{1B42EDD4-90A3-434D-A9A1-188BC22E6983}.Debug|x64.Build.0 = Debug|x64
		{1B42EDD4-90A3-434D-A9A1-188BC22E6983}.Debug|x86.ActiveCfg = Debug|Win32
		{1B42EDD4-90A3-434D-A9A1-188BC22E6983}.Debug|x86.Build.0 = Debug|Win32
		{1B42EDD4-90A3-434D-A9A1-188BC22E6983}.Release|Any CPU.ActiveCfg = Release|x64
		{1B42EDD4-90A3-434D-A9A1-188BC22E6983}.Release|Any CPU.Build.0 = Release|x64
		{1B42EDD4-90A3-434D-A9A1-188BC22E6983}.Release|x64.ActiveCfg = Release|x64
		{1B42EDD4-90A3-434D-A9A1-188BC22E6983}.Release|x64.Build.0 = Release|x64
		{1B42EDD4-90A3-434D-A9A1-188BC22E6983}.Release|x86.ActiveCfg = Release|Win32
		{1B42EDD4-90A3-434D-A9A1-188BC22E6983}.Release|x86.Build.0 = Release|Win32
		{17343C7C-9C7A-40FC-9483-088442FDF3C9}.Debug|Any CPU.ActiveCfg = Debug|x64
		{17343C7C-9C7A-40FC-9483-088442FDF3C9}.Debug|Any CPU.Build.0 = Debug|x64
		{17343C7C-9C7A-40FC-9483-088442FDF3C9}.Debug|x64.ActiveCfg = Debug|x64
		{17343C7C-9C7A-40FC-9483-088442FDF3C9}.Debug|x64.Build.0 = Debug|x64
		{17343C7C-9C7A-40FC-9483-088442FDF3C9}.Debug|x86.ActiveCfg = Debug|Win32
		{17343C7C-9C7A-40FC-9483-088442FDF3C9}.Debug|x86.Build.0 = Debug|Win32
		{17343C7C-9C7A-40FC-9483-088442FDF3C9}.Release|Any CPU.ActiveCfg = Release|x64
		{17343C7C-9C7A-40FC-9483-088442FDF3C9}.Release|Any CPU.Build.0 = Release|x64
		{17343C7C-9C7A-40FC-9483-088442FDF3C9}.Release|x64.ActiveCfg = Release|x64
		{17343C7C-9C7A-40FC-9483-088442FDF3C9}.Release|x64.Build.0 = Release|x64
		{17343C7C-9C7A-40FC-9483-088442FDF3C9}.Release|x86.ActiveCfg = Release|Win32
		{17343C7C-9C7A-40FC-9483-088442FDF3C9}.Release|x86.Build.0 = Release|Win32
		{FF20F7EC-A52E-43A2-9530-8077374FF394}.Debug|Any CPU.ActiveCfg = Debug|x64
		{FF20F7EC-A52E-43A2-9530-8077374FF394}.Debug|Any CPU.Build.0 = Debug|x64
		{FF20F7EC-A52E-43A2-9530-8077374FF394}.Debug|x64.ActiveCfg = Debug|x64
		{FF20F7EC-A52E-43A2-9530-8077374FF394}.Debug|x64.Build.0 = Debug|x64
		{FF20F7EC-A52E-43A2-9530-8077374FF394}.Debug|x86.ActiveCfg = Debug|Win32
		{FF20F7EC-A52E-43A2-9530-8077374FF394}.Debug|x86.Build.0 = Debug|Win32
		{FF20F7EC-A52E-43A2-9530-8077374FF394}.Release|Any CPU.ActiveCfg = Release|x64
		{FF20F7EC-A52E-43A2-9530-8077374FF394}.Release|Any CPU.Build.0 = Release|x64
		{FF20F7EC-A52E-43A2-9530-8077374FF394}.Release|x64.ActiveCfg = Release|x64
		{FF20F7EC-A52E-43A2-9530-8077374FF394}.Release|x64.Build.0 = Release|x64
		{FF20F7EC-A52E-43A2-9530-8077374FF394}.Release|x86.ActiveCfg = Release|Win32
		{FF20F7EC-A52E-43A2-9530-8077374FF394}.Release|x86.Build.0 = Release|Win32
		{F4C2CE74-24C7-4B7F-A2B7-B479491C6E47}.Debug|Any CPU.ActiveCfg = Debug|x64
		{F4C2CE74-24C7-4B7F-A2B7-B479491C6E47}.Debug|Any CPU.Build.0 = Debug|x64
		{F4C2CE74-24C7-4B7F-A2B7-B479491C6E47}.Debug|x64.ActiveCfg = Debug|x64
		{F4C2CE74-24C7-4B7F-A2B7-B479491C6E47}.Debug|x64.Build.0 = Debug|x64
		{F4C2CE74-24C7-4B7F-A2B7-B479491C6E47}.Debug|x86.ActiveCfg = Debug|Win32
		{F4C2CE74-24C7-4B7F-A2B7-B479491C6E47}.Debug|x86.Build.0 = Debug|Win32
		{F4C2CE74-24C7-4B7F-A2B7-B479491C6E47}.Release|Any CPU.ActiveCfg = Release|x64
		{F4C2CE74-24C7-4B7F-A2B7-B479491C6E47}.Release|Any CPU.Build.0 = Release|x64
		{F4C2CE74-24C7-4B7F-A2B7-B479491C6E47}.Release|x64.ActiveCfg = Release|x64
		{F4C2CE74-24C7-4B7F-A2B7-B479491C6E47}.Release|x64.Build.0 = Release|x64
		{F4C2CE74-24C7-4B7F-A2B7-B479491C6E47}.Release|x86.ActiveCfg = Release|Win32
		{F4C2CE74-24C7-4B7F-A2B7-B479491C6E47}.Release|x86.Build.0 = Release|Win32
		{AD60F7A3-5BBF-47ED-ACE4-366BAA9CB78C}.Debug|Any CPU.ActiveCfg = Debug|x64
		{AD60F7A3-5BBF-47ED-ACE4-366BAA9CB78C}.Debug|Any CPU.Build.0 = Debug|x64
		{AD60F7A3-5BBF-47ED-ACE4-366BAA9CB78C}.Debug|x64.ActiveCfg = Debug|x64
		{AD60F7A3-5BBF-47ED-ACE4-366BAA9CB78C}.Debug|x64.Build.0 = Debug|x64
		{AD60F7A3-5BBF-47ED-ACE4-366BAA9CB78C}.Debug|x86.ActiveCfg = Debug|Win32
		{AD60F7A3-5BBF-47ED-ACE4-366BAA9CB78C}.Debug|x86.Build.0 = Debug|Win32
		{AD60F7A3-5BBF-47ED-ACE4-366BAA9CB78C}.Release|Any CPU.ActiveCfg = Release|x64
		{AD60F7A3-5BBF-47ED-ACE4-366BAA9CB78C}.Release|Any CPU.Build.0 = Release|x64
		{AD60F7A3-5BBF-47ED-ACE4-366BAA9CB78C}.Release|x64.ActiveCfg = Release|x64
		{AD60F7A3-5BBF-47ED-ACE4-366BAA9CB78C}.Release|x64.Build.0 = Release|x64
		{AD60F7A3-5BBF-47ED-ACE4-366BAA9CB78C}.Release|x86.ActiveCfg = Release|Win32
		{AD60F7A3-5BBF-47ED-ACE4-366BAA9CB78C}.Release|x86.Build.0 = Release|Win32
		{420B44F5-5FF9-4C2D-998A-4C4FB281B5DB}.Debug|Any CPU.ActiveCfg = Debug|x64
		{420B44F5-5FF9-4C2D-998A-4C4FB281B5DB}.Debug|Any CPU.Build.0 = Debug|x64
		{420B44F5-5FF9-4C2D-998A-4C4FB281B5DB}.Debug|x64.ActiveCfg = Debug|x64
		{420B44F5-5FF9-4C2D-998A-4C4FB281B5DB}.Debug|x64.Build.0 = Debug|x64
		{420B44F5-5FF9-4C2D-998A-4C4FB281B5DB}.Debug|x86.ActiveCfg = Debug|Win32
		{420B44F5-5FF9-4C2D-998A-4C4FB281B5DB}.Debug|x86.Build.0 = Debug|Win32
		{420B44F5-5FF9-4C2D-998A-4C4FB281B5DB}.Release|Any CPU.ActiveCfg = Release|x64
		{420B44F5-5FF9-4C2D-998A-4C4FB281B5DB}.Release|Any CPU.Build.0 = Release|x64
		{420B44F5-5FF9-4C2D-998A-4C4FB281B5DB}.Release|x64.ActiveCfg = Release|x64
		{420B44F5-5FF9-4C2D-998A-4C4FB281B5DB}.Release|x64.Build.0 = Release|x64
		{420B44F5-5FF9-4C2D-998A-4C4FB281B5DB}.Release|x86.ActiveCfg = Release|Win32
		{420B44F5-5FF9-4C2D-998A-4C4FB281B5DB}.Release|x86.Build.0 = Release|Win32
		{90FE0631-7313-471B-93D3-9BE59255FDBD}.Debug|Any CPU.ActiveCfg = Debug|x64
		{90FE0631-7313-471B-93D3-9BE59255FDBD}.Debug|Any CPU.Build.0 = Debug|x64
		{90FE0631-7313-471B-93D3-9BE59255FDBD}.Debug|x64.ActiveCfg = Debug|x64
		{90FE0631-7313-471B-93D3-9BE59255FDBD}.Debug|x64.Build.0 = Debug|x64
		{90FE0631-7313-471B-93D3-9BE59255FDBD}.Debug|x86.ActiveCfg = Debug|Win32
		{90FE0631-7313-471B-93D3-9BE59255FDBD}.Debug|x86.Build.0 = Debug|Win32
		{90FE0631-7313-471B-93D3-9BE59255FDBD}.Release|Any CPU.ActiveCfg = Release|x64
		{90FE0631-7313-471B-93D3-9BE59255FDBD}.Release|Any CPU.Build.0 = Release|x64
		{90FE0631-7313-471B-93D3-9BE59255FDBD}.Release|x64.ActiveCfg = Release|x64
		{90FE0631-7313-471B-93D3-9BE59255FDBD}.Release|x64.Build.0 = Release|x64
		{90FE0631-7313-471B-93D3-9BE59255FDBD}.Release|x86.ActiveCfg = Release|Win32
		{90FE0631-7313-471B-93D3-9BE59255FDBD}.Release|x86.Build.0 = Release|Win32
		{36E11DBF-6798-42A7-9818-35669A223381}.Debug|Any CPU.ActiveCfg = Debug|x64
		{36E11DBF-6798-42A7-9818-35669A223381}.Debug|Any CPU.Build.0 = Debug|x64
		{36E11DBF-6798-42A7-9818-35669A223381}.Debug|x64.ActiveCfg = Debug|x64
		{36E11DBF-6798-42A7-9818-35669A223381}.Debug|x64.Build.0 = Debug|x64
		{36E11DBF-6798-42A7-9818-35669A223381}.Debug|x86.ActiveCfg = Debug|Win32
		{36E11DBF-6798-42A7-9818-35669A223381}.Debug|x86.Build.0 = Debug|Win32
		{36E11DBF-6798-42A7-9818-35669A223381}.Release|Any CPU.ActiveCfg = Release|x64
		{36E11DBF-6798-42A7-9818-35669A223381}.Release|Any CPU.Build.0 = Release|x64
		{36E11DBF-6798-42A7-9818-35669A223381}.Release|x64.ActiveCfg = Release|x64
		{36E11DBF-6798-42A7-9818-35669A223381}.Release|x64.Build.0 = Release|x64
		{36E11DBF-6798-42A7-9818-35669A223381}.Release|x86.ActiveCfg = Release|Win32
		{36E11DBF-6798-42A7-9818-35669A223381}.Release|x86.Build.0 = Release|Win32
		{515B4B2A-0E18-487D-9215-E250F4A14FE9}.Debug|Any CPU.ActiveCfg = Debug|x64
		{515B4B2A-0E18-487D-9215-E250F4A14FE9}.Debug|Any CPU.Build.0 = Debug|x64
		{515B4B2A-0E18-487D-9215-E250F4A14FE9}.Debug|x64.ActiveCfg = Debug|x64
		{515B4B2A-0E18-487D-9215-E250F4A14FE9}.Debug|x64.Build.0 = Debug|x64
		{515B4B2A-0E18-487D-9215-E250F4A14FE9}.Debug|x86.ActiveCfg = Debug|Win32
		{515B4B2A-0E18-487D-9215-E250F4A14FE9}.Debug|x86.Build.0 = Debug|Win32
		{515B4B2A-0E18-487D-9215-E250F4A14FE9}.Release|Any CPU.ActiveCfg = Release|x64
		{515B4B2A-0E18-487D-9215-E250F4A14FE9}.Release|Any CPU.Build.0 = Release|x64
		{515B4B2A-0E18-487D-9215-E250F4A14FE9}.Release|x64.ActiveCfg = Release|x64
		{515B4B2A-0E18-487D-9215-E250F4A14FE9}.Release|x64.Build.0 = Release|x64
		{515B4B2A-0E18-487D-9215-E250F4A14FE9}.Release|x86.ActiveCfg = Release|Win32
		{515B4B2A-0E18-487D-9215-E250F4A14FE9}.Release|x86.Build.0 = Release|Win32
		{258B8C4E-BFBD-4A29-8085-84BDD6F98B76}.Debug|Any CPU.ActiveCfg = Debug|x64
		{258B8C4E-BFBD-4A29-8085-84BDD6F98B76}.Debug|Any CPU.Build.0 = Debug|x64
		{258B8C4E-BFBD-4A29-8085-84BDD6F98B76}.Debug|x64.ActiveCfg = Debug|x64
		{258B8C4E-BFBD-4A29-8085-84BDD6F98B76}.Debug|x64.Build.0 = Debug|x64
		{258B8C4E-BFBD-4A29-8085-84BDD6F98B76}.Debug|x86.ActiveCfg = Debug|Win32
		{258B8C4E-BFBD-4A29-8085-84BDD6F98B76}.Debug|x86.Build.0 = Debug|Win32
		{258B8C4E-BFBD-4A29-8085-84BDD6F98B76}.Release|Any CPU.ActiveCfg = Release|x64
		{258B8C4E-BFBD-4A29-8085-84BDD6F98B76}.Release|Any CPU.Build.0 = Release|x64
		{258B8C4E-BFBD-4A29-8085-84BDD6F98B76}.Release|x64.ActiveCfg = Release|x64
		{258B8C4E-BFBD-4A29-8085-84BDD6F98B76}.Release|x64.Build.0 = Release|x64
		{258B8C4E-BFBD-4A29-8085-84BDD6F98B76}.Release|x86.ActiveCfg = Release|Win32
		{258B8C4E-BFBD-4A29-8085-84BDD6F98B76}.Release|x86.Build.0 = Release|Win32
		{8AD293C2-950D-48CA-B160-F2CC2C47BBFC}.Debug|Any CPU.ActiveCfg = Debug|x64
		{8AD293C2-950D-48CA-B160-F2CC2C47BBFC}.Debug|Any CPU.Build.0 = Debug|x64
		{8AD293C2-950D-48CA-B160-F2CC2C47BBFC}.Debug|x64.ActiveCfg = Debug|x64
		{8AD293C2-950D-48CA-B160-F2CC2C47BBFC}.Debug|x64.Build.0 = Debug|x64
		{8AD293C2-950D-48CA-B160-F2CC2C47BBFC}.Debug|x86.ActiveCfg = Debug|Win32
		{8AD293C2-950D-48CA-B160-F2CC2C47BBFC}.Debug|x86.Build.0 = Debug|Win32
		{8AD293C2-950D-48CA-B160-F2CC2C47BBFC}.Release|Any CPU.ActiveCfg = Release|x64
		{8AD293C2-950D-48CA-B160-F2CC2C47BBFC}.Release|Any CPU.Build.0 = Release|x64
		{8AD293C2-950D-48CA-B160-F2CC2C47BBFC}.Release|x64.ActiveCfg = Release|x64
		{8AD293C2-950D-48CA-B160-F2CC2C47BBFC}.Release|x64.Build.0 = Release|x64
		{8AD293C2-950D-48CA-B160-F2CC2C47BBFC}.Release|x86.ActiveCfg = Release|Win32
		{8AD293C2-950D-48CA-B160-F2CC2C47BBFC}.Release|x86.Build.0 = Release|Win32
		{8F85B7CB-A703-4EE0-8D39-09B707CB3C20}.Debug|Any CPU.ActiveCfg = Debug|x64
		{8F85B7CB-A703-4EE0-8D39-09B707CB3C20}.Debug|Any CPU.Build.0 = Debug|x64
		{8F85B7CB-A703-4EE0-8D39-09B707CB3C20}.Debug|x64.ActiveCfg = Debug|x64
		{8F85B7CB-A703-4EE0-8D39-09B707CB3C20}.Debug|x64.Build.0 = Debug|x64
		{8F85B7CB-A703-4EE0-8D39-09B707CB3C20}.Debug|x86.ActiveCfg = Debug|Win32
		{8F85B7CB-A703-4EE0-8D39-09B707CB3C20}.Debug|x86.Build.0 = Debug|Win32
		{8F85B7CB-A703-4EE0-8D39-09B707CB3C20}.Release|Any CPU.ActiveCfg = Release|x64
		{8F85B7CB-A703-4EE0-8D39-09B707CB3C20}.Release|Any CPU.Build.0 = Release|x64
		{8F85B7CB-A703-4EE0-8D39-09B707CB3C20}.Release|x64.ActiveCfg = Release|x64
		{8F85B7CB-A703-4EE0-8D39-09B707CB3C20}.Release|x64.Build.0 = Release|x64
		{8F85B7CB-A703-4EE0-8D39-09B707CB3C20}.Release|x86.ActiveCfg = Release|Win32
		{8F85B7CB-A703-4EE0-8D39-09B707CB3C20}.Release|x86.Build.0 = Release|Win32
		{47FEB42F-C1D2-4CC3-AF7F-C82E20C9C2C5}.Debug|Any CPU.ActiveCfg = Debug|x64
		{47FEB42F-C1D2-4CC3-AF7F-C82E20C9C2C5}.Debug|Any CPU.Build.0 = Debug|x64
		{47FEB42F-C1D2-4CC3-AF7F-C82E20C9C2C5}.Debug|x64.ActiveCfg = Debug|x64
		{47FEB42F-C1D2-4CC3-AF7F-C82E20C9C2C5}.Debug|x64.Build.0 = Debug|x64
		{47FEB42F-C1D2-4CC3-AF7F-C82E20C9C2C5}.Debug|x86.ActiveCfg = Debug|Win32
		{47FEB42F-C1D2-4CC3-AF7F-C82E20C9C2C5}.Debug|x86.Build.0 = Debug|Win32
		{47FEB42F-C1D2-4CC3-AF7F-C82E20C9C2C5}.Release|Any CPU.ActiveCfg = Release|x64
		{47FEB42F-C1D2-4CC3-AF7F-C82E20C9C2C5}.Release|Any CPU.Build.0 = Release|x64
		{47FEB42F-C1D2-4CC3-AF7F-C82E20C9C2C5}.Release|x64.ActiveCfg = Release|x64
		{47FEB42F-C1D2-4CC3-AF7F-C82E20C9C2C5}.Release|x64.Build.0 = Release|x64
		{47FEB42F-C1D2-4CC3-AF7F-C82E20C9C2C5}.Release|x86.ActiveCfg = Release|Win32
		{47FEB42F-C1D2-4CC3-AF7F-C82E20C9C2C5}.Release|x86.Build.0 = Release|Win32
		{23097214-BFB5-4FBF-B35C-2D0B7717ED5F}.Debug|Any CPU.ActiveCfg = Debug|x64
		{23097214-BFB5-4FBF-B35C-2D0B7717ED5F}.Debug|Any CPU.Build.0 = Debug|x64
		{23097214-BFB5-4FBF-B35C-2D0B7717ED5F}.Debug|x64.ActiveCfg = Debug|x64
		{23097214-BFB5-4FBF-B35C-2D0B7717ED5F}.Debug|x64.Build.0 = Debug|x64
		{23097214-BFB5-4FBF-B35C-2D0B7717ED5F}.Debug|x86.ActiveCfg = Debug|Win32
		{23097214-BFB5-4FBF-B35C-2D0B7717ED5F}.Debug|x86.Build.0 = Debug|Win32
		{23097214-BFB5-4FBF-B35C-2D0B7717ED5F}.Release|Any CPU.ActiveCfg = Release|x64
		{23097214-BFB5-4FBF-B35C-2D0B7717ED5F}.Release|Any CPU.Build.0 = Release|x64
		{23097214-BFB5-4FBF-B35C-2D0B7717ED5F}.Release|x64.ActiveCfg = Release|x64
		{23097214-BFB5-4FBF-B35C-2D0B7717ED5F}.Release|x64.Build.0 = Release|x64
		{23097214-BFB5-4FBF-B35C-2D0B7717ED5F}.Release|x86.ActiveCfg = Release|Win32
		{23097214-BFB5-4FBF-B35C-2D0B7717ED5F}.Release|x86.Build.0 = Release|Win32
		{7C97F4EF-B858-4823-BDEA-3CC5EB4D3EAC}.Debug|Any CPU.ActiveCfg = Debug|x64
		{7C97F4EF-B858-4823-BDEA-3CC5EB4D3EAC}.Debug|Any CPU.Build.0 = Debug|x64
		{7C97F4EF-B858-4823-BDEA-3CC5EB4D3EAC}.Debug|x64.ActiveCfg = Debug|x64
		{7C97F4EF-B858-4823-BDEA-3CC5EB4D3EAC}.Debug|x64.Build.0 = Debug|x64
		{7C97F4EF-B858-4823-BDEA-3CC5EB4D3EAC}.Debug|x86.ActiveCfg = Debug|Win32
		{7C97F4EF-B858-4823-BDEA-3CC5EB4D3EAC}.Debug|x86.Build.0 = Debug|Win32
		{7C97F4EF-B858-4823-BDEA-3CC5EB4D3EAC}.Release|Any CPU.ActiveCfg = Release|x64
		{7C97F4EF-B858-4823-BDEA-3CC5EB4D3EAC}.Release|Any CPU.Build.0 = Release|x64
		{7C97F4EF-B858-4823-BDEA-3CC5EB4D3EAC}.Release|x64.ActiveCfg = Release|x64
		{7C97F4EF-B858-4823-BDEA-3CC5EB4D3EAC}.Release|x64.Build.0 = Release|x64
		{7C97F4EF-B858-4823-BDEA-3CC5EB4D3EAC}.Release|x86.ActiveCfg = Release|Win32
		{7C97F4EF-B858-4823-BDEA-3CC5EB4D3EAC}.Release|x86.Build.0 = Release|Win32
		{443F4E4E-193C-4818-92D3-95FF8170ABAF}.Debug|Any CPU.ActiveCfg = Debug|x64
		{443F4E4E-193C-4818-92D3-95FF8170ABAF}.Debug|Any CPU.Build.0 = Debug|x64
		{443F4E4E-193C-4818-92D3-95FF8170ABAF}.Debug|x64.ActiveCfg = Debug|x64
		{443F4E4E-193C-4818-92D3-95FF8170ABAF}.Debug|x64.Build.0 = Debug|x64
		{443F4E4E-193C-4818-92D3-95FF8170ABAF}.Debug|x86.ActiveCfg = Debug|Win32
		{443F4E4E-193C-4818-92D3-95FF8170ABAF}.Debug|x86.Build.0 = Debug|Win32
		{443F4E4E-193C-4818-92D3-95FF8170ABAF}.Release|Any CPU.ActiveCfg = Release|x64
		{443F4E4E-193C-4818-92D3-95FF8170ABAF}.Release|Any CPU.Build.0 = Release|x64
		{443F4E4E-193C-4818-92D3-95FF8170ABAF}.Release|x64.ActiveCfg = Release|x64
		{443F4E4E-193C-4818-92D3-95FF8170ABAF}.Release|x64.Build.0 = Release|x64
		{443F4E4E-193C-4818-92D3-95FF8170ABAF}.Release|x86.ActiveCfg = Release|Win32
		{443F4E4E-193C-4818-92D3-95FF8170ABAF}.Release|x86.Build.0 = Release|Win32
		{8273F9F9-4F45-4A80-811D-4B8415441A3B}.Debug|Any CPU.ActiveCfg = Debug|x64
		{8273F9F9-4F45-4A80-811D-4B8415441A3B}.Debug|Any CPU.Build.0 = Debug|x64
		{8273F9F9-4F45-4A80-811D-4B8415441A3B}.Debug|x64.ActiveCfg = Debug|x64
		{8273F9F9-4F45-4A80-811D-4B8415441A3B}.Debug|x64.Build.0 = Debug|x64
		{8273F9F9-4F45-4A80-811D-4B8415441A3B}.Debug|x86.ActiveCfg = Debug|Win32
		{8273F9F9-4F45-4A80-811D-4B8415441A3B}.Debug|x86.Build.0 = Debug|Win32
		{8273F9F9-4F45-4A80-811D-4B8415441A3B}.Release|Any CPU.ActiveCfg = Release|x64
		{8273F9F9-4F45-4A80-811D-4B8415441A3B}.Release|Any CPU.Build.0 = Release|x64
		{8273F9F9-4F45-4A80-811D-4B8415441A3B}.Release|x64.ActiveCfg = Release|x64
		{8273F9F9-4F45-4A80-811D-4B8415441A3B}.Release|x64.Build.0 = Release|x64
		{8273F9F9-4F45-4A80-811D-4B8415441A3B}.Release|x86.ActiveCfg = Release|Win32
		{8273F9F9-4F45-4A80-811D-4B8415441A3B}.Release|x86.Build.0 = Release|Win32
		{E98354E9-6C69-450D-A66A-76A1D04666BA}.Debug|Any CPU.ActiveCfg = Debug|x64
		{E98354E9-6C69-450D-A66A-76A1D04666BA}.Debug|Any CPU.Build.0 = Debug|x64
		{E98354E9-6C69-450D-A66A-76A1D04666BA}.Debug|x64.ActiveCfg = Debug|x64
		{E98354E9-6C69-450D-A66A-76A1D04666BA}.Debug|x64.Build.0 = Debug|x64
		{E98354E9-6C69-450D-A66A-76A1D04666BA}.Debug|x86.ActiveCfg = Debug|Win32
		{E98354E9-6C69-450D-A66A-76A1D04666BA}.Debug|x86.Build.0 = Debug|Win32
		{E98354E9-6C69-450D-A66A-76A1D04666BA}.Release|Any CPU.ActiveCfg = Release|x64
		{E98354E9-6C69-450D-A66A-76A1D04666BA}.Release|Any CPU.Build.0 = Release|x64
		{E98354E9-6C69-450D-A66A-76A1D04666BA}.Release|x64.ActiveCfg = Release|x64
		{E98354E9-6C69-450D-A66A-76A1D04666BA}.Release|x64.Build.0 = Release|x64
		{E98354E9-6C69-450D-A66A-76A1D04666BA}.Release|x86.ActiveCfg = Release|Win32
		{E98354E9-6C69-450D-A66A-76A1D04666BA}.Release|x86.Build.0 = Release|Win32
		{A9D06927-D837-4588-B75D-C9AEF9914C8C}.Debug|Any CPU.ActiveCfg = Debug|x64
		{A9D06927-D837-4588-B75D-C9AEF9914C8C}.Debug|Any CPU.Build.0 = Debug|x64
		{A9D06927-D837-4588-B75D-C9AEF9914C8C}.Debug|x64.ActiveCfg = Debug|x64
		{A9D06927-D837-4588-B75D-C9AEF9914C8C}.Debug|x64.Build.0 = Debug|x64
		{A9D06927-D837-4588-B75D-C9AEF9914C8C}.Debug|x86.ActiveCfg = Debug|Win32
		{A9D06927-D837-4588-B75D-C9AEF9914C8C}.Debug|x86.Build.0 = Debug|Win32
		{A9D06927-D837-4588-B75D-C9AEF9914C8C}.Release|Any CPU.ActiveCfg = Release|x64
		{A9D06927-D837-4588-B75D-C9AEF9914C8C}.Release|Any CPU.Build.0 = Release|x64
		{A9D06927-D837-4588-B75D-C9AEF9914C8C}.Release|x64.ActiveCfg = Release|x64
		{A9D06927-D837-4588-B75D-C9AEF9914C8C}.Release|x64.Build.0 = Release|x64
		{A9D06927-D837-4588-B75D-C9AEF9914C8C}.Release|x86.ActiveCfg = Release|Win32
		{A9D06927-D837-4588-B75D-C9AEF9914C8C}.Release|x86.Build.0 = Release|Win32
		{4F94ECC3-F0D4-4F65-9438-34F6A78BAC67}.Debug|Any CPU.ActiveCfg = Debug|x64
		{4F94ECC3-F0D4-4F65-9438-34F6A78BAC67}.Debug|Any CPU.Build.0 = Debug|x64
		{4F94ECC3-F0D4-4F65-9438-34F6A78BAC67}.Debug|x64.ActiveCfg = Debug|x64
		{4F94ECC3-F0D4-4F65-9438-34F6A78BAC67}.Debug|x64.Build.0 = Debug|x64
		{4F94ECC3-F0D4-4F65-9438-34F6A78BAC67}.Debug|x86.ActiveCfg = Debug|Win32
		{4F94ECC3-F0D4-4F65-9438-34F6A78BAC67}.Debug|x86.Build.0 = Debug|Win32
		{4F94ECC3-F0D4-4F65-9438-34F6A78BAC67}.Release|Any CPU.ActiveCfg = Release|x64
		{4F94ECC3-F0D4-4F65-9438-34F6A78BAC67}.Release|Any CPU.Build.0 = Release|x64
		{4F94ECC3-F0D4-4F65-9438-34F6A78BAC67}.Release|x64.ActiveCfg = Release|x64
		{4F94ECC3-F0D4-4F65-9438-34F6A78BAC67}.Release|x64.Build.0 = Release|x64
		{4F94ECC3-F0D4-4F65-9438-34F6A78BAC67}.Release|x86.ActiveCfg = Release|Win32
		{4F94ECC3-F0D4-4F65-9438-34F6A78BAC67}.Release|x86.Build.0 = Release|Win32
		{517E9E5F-501E-4A89-8887-242811C2B085}.Debug|Any CPU.ActiveCfg = Debug|x64
		{517E9E5F-501E-4A89-8887-242811C2B085}.Debug|Any CPU.Build.0 = Debug|x64
		{517E9E5F-501E-4A89-8887-242811C2B085}.Debug|x64.ActiveCfg = Debug|x64
		{517E9E5F-501E-4A89-8887-242811C2B085}.Debug|x64.Build.0 = Debug|x64
		{517E9E5F-501E-4A89-8887-242811C2B085}.Debug|x86.ActiveCfg = Debug|Win32
		{517E9E5F-501E-4A89-8887-242811C2B085}.Debug|x86.Build.0 = Debug|Win32
		{517E9E5F-501E-4A89-8887-242811C2B085}.Release|Any CPU.ActiveCfg = Release|x64
		{517E9E5F-501E-4A89-8887-242811C2B085}.Release|Any CPU.Build.0 = Release|x64
		{517E9E5F-501E-4A89-8887-242811C2B085}.Release|x64.ActiveCfg = Release|x64
		{517E9E5F-501E-4A89-8887-242811C2B085}.Release|x64.Build.0 = Release|x64
		{517E9E5F-501E-4A89-8887-242811C2B085}.Release|x86.ActiveCfg = Release|Win32
		{517E9E5F-501E-4A89-8887-242811C2B085}.Release|x86.Build.0 = Release|Win32
		{FA2C1905-ECF8-4AA0-AA0E-BFBE4EDA7DE0}.Debug|Any CPU.ActiveCfg = Debug|x64
		{FA2C1905-ECF8-4AA0-AA0E-BFBE4EDA7DE0}.Debug|Any CPU.Build.0 = Debug|x64
		{FA2C1905-ECF8-4AA0-AA0E-BFBE4EDA7DE0}.Debug|x64.ActiveCfg = Debug|x64
		{FA2C1905-ECF8-4AA0-AA0E-BFBE4EDA7DE0}.Debug|x64.Build.0 = Debug|x64
		{FA2C1905-ECF8-4AA0-AA0E-BFBE4EDA7DE0}.Debug|x86.ActiveCfg = Debug|Win32
		{FA2C1905-ECF8-4AA0-AA0E-BFBE4EDA7DE0}.Debug|x86.Build.0 = Debug|Win32
		{FA2C1905-ECF8-4AA0-AA0E-BFBE4EDA7DE0}.Release|Any CPU.ActiveCfg = Release|x64
		{FA2C1905-ECF8-4AA0-AA0E-BFBE4EDA7DE0}.Release|Any CPU.Build.0 = Release|x64
		{FA2C1905-ECF8-4AA0-AA0E-BFBE4EDA7DE0}.Release|x64.ActiveCfg = Release|x64
		{FA2C1905-ECF8-4AA0-AA0E-BFBE4EDA7DE0}.Release|x64.Build.0 = Release|x64
		{FA2C1905-ECF8-4AA0-AA0E-BFBE4EDA7DE0}.Release|x86.ActiveCfg = Release|Win32
		{FA2C1905-ECF8-4AA0-AA0E-BFBE4EDA7DE0}.Release|x86.Build.0 = Release|Win32
		{4EB1F570-090F-4BC9-B8C0-6EF9685A1BF6}.Debug|Any CPU.ActiveCfg = Debug|x64
		{4EB1F570-090F-4BC9-B8C0-6EF9685A1BF6}.Debug|Any CPU.Build.0 = Debug|x64
		{4EB1F570-090F-4BC9-B8C0-6EF9685A1BF6}.Debug|x64.ActiveCfg = Debug|x64
		{4EB1F570-090F-4BC9-B8C0-6EF9685A1BF6}.Debug|x64.Build.0 = Debug|x64
		{4EB1F570-090F-4BC9-B8C0-6EF9685A1BF6}.Debug|x86.ActiveCfg = Debug|Win32
		{4EB1F570-090F-4BC9-B8C0-6EF9685A1BF6}.Debug|x86.Build.0 = Debug|Win32
		{4EB1F570-090F-4BC9-B8C0-6EF9685A1BF6}.Release|Any CPU.ActiveCfg = Release|x64
		{4EB1F570-090F-4BC9-B8C0-6EF9685A1BF6}.Release|Any CPU.Build.0 = Release|x64
		{4EB1F570-090F-4BC9-B8C0-6EF9685A1BF6}.Release|x64.ActiveCfg = Release|x64
		{4EB1F570-090F-4BC9-B8C0-6EF9685A1BF6}.Release|x64.Build.0 = Release|x64
		{4EB1F570-090F-4BC9-B8C0-6EF9685A1BF6}.Release|x86.ActiveCfg = Release|Win32
		{4EB1F570-090F-4BC9-B8C0-6EF9685A1BF6}.Release|x86.Build.0 = Release|Win32
		{9A987DFD-07ED-4C1F-97A0-C01D20D5DF13}.Debug|Any CPU.ActiveCfg = Debug|x64
		{9A987DFD-07ED-4C1F-97A0-C01D20D5DF13}.Debug|Any CPU.Build.0 = Debug|x64
		{9A987DFD-07ED-4C1F-97A0-C01D20D5DF13}.Debug|x64.ActiveCfg = Debug|x64
		{9A987DFD-07ED-4C1F-97A0-C01D20D5DF13}.Debug|x64.Build.0 = Debug|x64
		{9A987DFD-07ED-4C1F-97A0-C01D20D5DF13}.Debug|x86.ActiveCfg = Debug|Win32
		{9A987DFD-07ED-4C1F-97A0-C01D20D5DF13}.Debug|x86.Build.0 = Debug|Win32
		{9A987DFD-07ED-4C1F-97A0-C01D20D5DF13}.Release|Any CPU.ActiveCfg = Release|x64
		{9A987DFD-07ED-4C1F-97A0-C01D20D5DF13}.Release|Any CPU.Build.0 = Release|x64
		{9A987DFD-07ED-4C1F-97A0-C01D20D5DF13}.Release|x64.ActiveCfg = Release|x64
		{9A987DFD-07ED-4C1F-97A0-C01D20D5DF13}.Release|x64.Build.0 = Release|x64
		{9A987DFD-07ED-4C1F-97A0-C01D20D5DF13}.Release|x86.ActiveCfg = Release|Win32
		{9A987DFD-07ED-4C1F-97A0-C01D20D5DF13}.Release|x86.Build.0 = Release|Win32
		{FAF5928B-F43B-4C79-9A13-973109299F31}.Debug|Any CPU.ActiveCfg = Debug|x64
		{FAF5928B-F43B-4C79-9A13-973109299F31}.Debug|Any CPU.Build.0 = Debug|x64
		{FAF5928B-F43B-4C79-9A13-973109299F31}.Debug|x64.ActiveCfg = Debug|x64
		{FAF5928B-F43B-4C79-9A13-973109299F31}.Debug|x64.Build.0 = Debug|x64
		{FAF5928B-F43B-4C79-9A13-973109299F31}.Debug|x86.ActiveCfg = Debug|Win32
		{FAF5928B-F43B-4C79-9A13-973109299F31}.Debug|x86.Build.0 = Debug|Win32
		{FAF5928B-F43B-4C79-9A13-973109299F31}.Release|Any CPU.ActiveCfg = Release|x64
		{FAF5928B-F43B-4C79-9A13-973109299F31}.Release|Any CPU.Build.0 = Release|x64
		{FAF5928B-F43B-4C79-9A13-973109299F31}.Release|x64.ActiveCfg = Release|x64
		{FAF5928B-F43B-4C79-9A13-973109299F31}.Release|x64.Build.0 = Release|x64
		{FAF5928B-F43B-4C79-9A13-973109299F31}.Release|x86.ActiveCfg = Release|Win32
		{FAF5928B-F43B-4C79-9A13-973109299F31}.Release|x86.Build.0 = Release|Win32
		{F2E1955D-8977-4A31-88A2-EDE15E21B700}.Debug|Any CPU.ActiveCfg = Debug|x64
		{F2E1955D-8977-4A31-88A2-EDE15E21B700}.Debug|Any CPU.Build.0 = Debug|x64
		{F2E1955D-8977-4A31-88A2-EDE15E21B700}.Debug|x64.ActiveCfg = Debug|x64
		{F2E1955D-8977-4A31-88A2-EDE15E21B700}.Debug|x64.Build.0 = Debug|x64
		{F2E1955D-8977-4A31-88A2-EDE15E21B700}.Debug|x86.ActiveCfg = Debug|Win32
		{F2E1955D-8977-4A31-88A2-EDE15E21B700}.Debug|x86.Build.0 = Debug|Win32
		{F2E1955D-8977-4A31-88A2-EDE15E21B700}.Release|Any CPU.ActiveCfg = Release|x64
		{F2E1955D-8977-4A31-88A2-EDE15E21B700}.Release|Any CPU.Build.0 = Release|x64
		{F2E1955D-8977-4A31-88A2-EDE15E21B700}.Release|x64.ActiveCfg = Release|x64
		{F2E1955D-8977-4A31-88A2-EDE15E21B700}.Release|x64.Build.0 = Release|x64
		{F2E1955D-8977-4A31-88A2-EDE15E21B700}.Release|x86.ActiveCfg = Release|Win32
		{F2E1955D-8977-4A31-88A2-EDE15E21B700}.Release|x86.Build.0 = Release|Win32
		{2C94891C-AE57-4B8B-BC2C-DD3169BE69DE}.Debug|Any CPU.ActiveCfg = Debug|x64
		{2C94891C-AE57-4B8B-BC2C-DD3169BE69DE}.Debug|Any CPU.Build.0 = Debug|x64
		{2C94891C-AE57-4B8B-BC2C-DD3169BE69DE}.Debug|x64.ActiveCfg = Debug|x64
		{2C94891C-AE57-4B8B-BC2C-DD3169BE69DE}.Debug|x64.Build.0 = Debug|x64
		{2C94891C-AE57-4B8B-BC2C-DD3169BE69DE}.Debug|x86.ActiveCfg = Debug|Win32
		{2C94891C-AE57-4B8B-BC2C-DD3169BE69DE}.Debug|x86.Build.0 = Debug|Win32
		{2C94891C-AE57-4B8B-BC2C-DD3169BE69DE}.Release|Any CPU.ActiveCfg = Release|x64
		{2C94891C-AE57-4B8B-BC2C-DD3169BE69DE}.Release|Any CPU.Build.0 = Release|x64
		{2C94891C-AE57-4B8B-BC2C-DD3169BE69DE}.Release|x64.ActiveCfg = Release|x64
		{2C94891C-AE57-4B8B-BC2C-DD3169BE69DE}.Release|x64.Build.0 = Release|x64
		{2C94891C-AE57-4B8B-BC2C-DD3169BE69DE}.Release|x86.ActiveCfg = Release|Win32
		{2C94891C-AE57-4B8B-BC2C-DD3169BE69DE}.Release|x86.Build.0 = Release|Win32
		{10002AFC-D075-4986-8C19-4592242713FD}.Debug|Any CPU.ActiveCfg = Debug|Any CPU
		{10002AFC-D075-4986-8C19-4592242713FD}.Debug|Any CPU.Build.0 = Debug|Any CPU
		{10002AFC-D075-4986-8C19-4592242713FD}.Debug|x64.ActiveCfg = Debug|Any CPU
		{10002AFC-D075-4986-8C19-4592242713FD}.Debug|x64.Build.0 = Debug|Any CPU
		{10002AFC-D075-4986-8C19-4592242713FD}.Debug|x86.ActiveCfg = Debug|Any CPU
		{10002AFC-D075-4986-8C19-4592242713FD}.Debug|x86.Build.0 = Debug|Any CPU
		{10002AFC-D075-4986-8C19-4592242713FD}.Release|Any CPU.ActiveCfg = Release|Any CPU
		{10002AFC-D075-4986-8C19-4592242713FD}.Release|Any CPU.Build.0 = Release|Any CPU
		{10002AFC-D075-4986-8C19-4592242713FD}.Release|x64.ActiveCfg = Release|Any CPU
		{10002AFC-D075-4986-8C19-4592242713FD}.Release|x64.Build.0 = Release|Any CPU
		{10002AFC-D075-4986-8C19-4592242713FD}.Release|x86.ActiveCfg = Release|Any CPU
		{10002AFC-D075-4986-8C19-4592242713FD}.Release|x86.Build.0 = Release|Any CPU
	EndGlobalSection
	GlobalSection(SolutionProperties) = preSolution
		HideSolutionNode = FALSE
	EndGlobalSection
	GlobalSection(ExtensibilityGlobals) = postSolution
		SolutionGuid = {43DC83E8-A631-49D0-8391-E261EA3277DE}
	EndGlobalSection
EndGlobal
